// !$*UTF8*$!
{
	archiveVersion = 1;
	classes = {
	};
	objectVersion = 46;
	objects = {

/* Begin PBXBuildFile section */
		7B651060D65E41299865D16B /* libPods-CompositionTests.a in Frameworks */ = {isa = PBXBuildFile; fileRef = CB2AE1EA261344DE9A1E78DE /* libPods-CompositionTests.a */; };
		A367093D174B88DF003703C1 /* Cocoa.framework in Frameworks */ = {isa = PBXBuildFile; fileRef = A367093C174B88DF003703C1 /* Cocoa.framework */; };
		A367094F174B88DF003703C1 /* SenTestingKit.framework in Frameworks */ = {isa = PBXBuildFile; fileRef = A367094E174B88DF003703C1 /* SenTestingKit.framework */; };
		A3670950174B88DF003703C1 /* Cocoa.framework in Frameworks */ = {isa = PBXBuildFile; fileRef = A367093C174B88DF003703C1 /* Cocoa.framework */; };
		A3670953174B88DF003703C1 /* Composition.dylib in Frameworks */ = {isa = PBXBuildFile; fileRef = A3670939174B88DF003703C1 /* Composition.dylib */; };
		A3670959174B88DF003703C1 /* InfoPlist.strings in Resources */ = {isa = PBXBuildFile; fileRef = A3670957174B88DF003703C1 /* InfoPlist.strings */; };
		A367096B174B8B3B003703C1 /* ArrayImpl.h in Headers */ = {isa = PBXBuildFile; fileRef = A3670969174B8B3B003703C1 /* ArrayImpl.h */; };
		A367096C174B8B3B003703C1 /* ArrayImpl.m in Sources */ = {isa = PBXBuildFile; fileRef = A367096A174B8B3B003703C1 /* ArrayImpl.m */; };
		A367096F174B8B6E003703C1 /* MutableArrayImpl.h in Headers */ = {isa = PBXBuildFile; fileRef = A367096D174B8B6E003703C1 /* MutableArrayImpl.h */; };
		A3670970174B8B6E003703C1 /* MutableArrayImpl.m in Sources */ = {isa = PBXBuildFile; fileRef = A367096E174B8B6E003703C1 /* MutableArrayImpl.m */; };
		A3670972174B8C36003703C1 /* ArrayImplSpec.m in Sources */ = {isa = PBXBuildFile; fileRef = A3670971174B8C36003703C1 /* ArrayImplSpec.m */; };
		A3670975174B93F6003703C1 /* MutableArrayImplSpec.m in Sources */ = {isa = PBXBuildFile; fileRef = A3670974174B93F6003703C1 /* MutableArrayImplSpec.m */; };
		A3670977174BA535003703C1 /* ArraySpec.m in Sources */ = {isa = PBXBuildFile; fileRef = A3670976174BA535003703C1 /* ArraySpec.m */; };
		A367097A174BA59D003703C1 /* Array.h in Headers */ = {isa = PBXBuildFile; fileRef = A3670978174BA59D003703C1 /* Array.h */; };
		A367097B174BA59D003703C1 /* Array.m in Sources */ = {isa = PBXBuildFile; fileRef = A3670979174BA59D003703C1 /* Array.m */; };
		A367097E174BB4D2003703C1 /* LoggingProxy.h in Headers */ = {isa = PBXBuildFile; fileRef = A367097C174BB4D2003703C1 /* LoggingProxy.h */; };
		A367097F174BB4D2003703C1 /* LoggingProxy.m in Sources */ = {isa = PBXBuildFile; fileRef = A367097D174BB4D2003703C1 /* LoggingProxy.m */; };
		A3670982174BB6A1003703C1 /* RecursiveLockingProxy.h in Headers */ = {isa = PBXBuildFile; fileRef = A3670980174BB6A1003703C1 /* RecursiveLockingProxy.h */; };
		A3670983174BB6A1003703C1 /* RecursiveLockingProxy.m in Sources */ = {isa = PBXBuildFile; fileRef = A3670981174BB6A1003703C1 /* RecursiveLockingProxy.m */; };
		A3670985174BBA8C003703C1 /* RecursiveLockingProxySpec.m in Sources */ = {isa = PBXBuildFile; fileRef = A3670984174BBA8C003703C1 /* RecursiveLockingProxySpec.m */; };
		A3670987174BBDE5003703C1 /* LoggingProxySpec.m in Sources */ = {isa = PBXBuildFile; fileRef = A3670986174BBDE5003703C1 /* LoggingProxySpec.m */; };
/* End PBXBuildFile section */

/* Begin PBXContainerItemProxy section */
		A3670951174B88DF003703C1 /* PBXContainerItemProxy */ = {
			isa = PBXContainerItemProxy;
			containerPortal = A3670931174B88DF003703C1 /* Project object */;
			proxyType = 1;
			remoteGlobalIDString = A3670938174B88DF003703C1;
			remoteInfo = Composition;
		};
/* End PBXContainerItemProxy section */

/* Begin PBXFileReference section */
		A3670939174B88DF003703C1 /* Composition.dylib */ = {isa = PBXFileReference; explicitFileType = "compiled.mach-o.dylib"; includeInIndex = 0; path = Composition.dylib; sourceTree = BUILT_PRODUCTS_DIR; };
		A367093C174B88DF003703C1 /* Cocoa.framework */ = {isa = PBXFileReference; lastKnownFileType = wrapper.framework; name = Cocoa.framework; path = System/Library/Frameworks/Cocoa.framework; sourceTree = SDKROOT; };
		A367093F174B88DF003703C1 /* AppKit.framework */ = {isa = PBXFileReference; lastKnownFileType = wrapper.framework; name = AppKit.framework; path = System/Library/Frameworks/AppKit.framework; sourceTree = SDKROOT; };
		A3670940174B88DF003703C1 /* CoreData.framework */ = {isa = PBXFileReference; lastKnownFileType = wrapper.framework; name = CoreData.framework; path = System/Library/Frameworks/CoreData.framework; sourceTree = SDKROOT; };
		A3670941174B88DF003703C1 /* Foundation.framework */ = {isa = PBXFileReference; lastKnownFileType = wrapper.framework; name = Foundation.framework; path = System/Library/Frameworks/Foundation.framework; sourceTree = SDKROOT; };
		A3670944174B88DF003703C1 /* Composition-Prefix.pch */ = {isa = PBXFileReference; lastKnownFileType = sourcecode.c.h; path = "Composition-Prefix.pch"; sourceTree = "<group>"; };
		A367094D174B88DF003703C1 /* CompositionTests.octest */ = {isa = PBXFileReference; explicitFileType = wrapper.cfbundle; includeInIndex = 0; path = CompositionTests.octest; sourceTree = BUILT_PRODUCTS_DIR; };
		A367094E174B88DF003703C1 /* SenTestingKit.framework */ = {isa = PBXFileReference; lastKnownFileType = wrapper.framework; name = SenTestingKit.framework; path = Library/Frameworks/SenTestingKit.framework; sourceTree = DEVELOPER_DIR; };
		A3670956174B88DF003703C1 /* CompositionTests-Info.plist */ = {isa = PBXFileReference; lastKnownFileType = text.plist.xml; path = "CompositionTests-Info.plist"; sourceTree = "<group>"; };
		A3670958174B88DF003703C1 /* en */ = {isa = PBXFileReference; lastKnownFileType = text.plist.strings; name = en; path = en.lproj/InfoPlist.strings; sourceTree = "<group>"; };
		A3670967174B8AAF003703C1 /* IArray.h */ = {isa = PBXFileReference; lastKnownFileType = sourcecode.c.h; path = IArray.h; sourceTree = "<group>"; };
		A3670968174B8ABC003703C1 /* IMutableArray.h */ = {isa = PBXFileReference; lastKnownFileType = sourcecode.c.h; path = IMutableArray.h; sourceTree = "<group>"; };
		A3670969174B8B3B003703C1 /* ArrayImpl.h */ = {isa = PBXFileReference; fileEncoding = 4; lastKnownFileType = sourcecode.c.h; path = ArrayImpl.h; sourceTree = "<group>"; };
		A367096A174B8B3B003703C1 /* ArrayImpl.m */ = {isa = PBXFileReference; fileEncoding = 4; lastKnownFileType = sourcecode.c.objc; path = ArrayImpl.m; sourceTree = "<group>"; };
		A367096D174B8B6E003703C1 /* MutableArrayImpl.h */ = {isa = PBXFileReference; fileEncoding = 4; lastKnownFileType = sourcecode.c.h; path = MutableArrayImpl.h; sourceTree = "<group>"; };
		A367096E174B8B6E003703C1 /* MutableArrayImpl.m */ = {isa = PBXFileReference; fileEncoding = 4; lastKnownFileType = sourcecode.c.objc; path = MutableArrayImpl.m; sourceTree = "<group>"; };
		A3670971174B8C36003703C1 /* ArrayImplSpec.m */ = {isa = PBXFileReference; fileEncoding = 4; lastKnownFileType = sourcecode.c.objc; path = ArrayImplSpec.m; sourceTree = "<group>"; };
		A3670973174B9071003703C1 /* IArrayDelegate.h */ = {isa = PBXFileReference; lastKnownFileType = sourcecode.c.h; path = IArrayDelegate.h; sourceTree = "<group>"; };
		A3670974174B93F6003703C1 /* MutableArrayImplSpec.m */ = {isa = PBXFileReference; fileEncoding = 4; lastKnownFileType = sourcecode.c.objc; path = MutableArrayImplSpec.m; sourceTree = "<group>"; };
		A3670976174BA535003703C1 /* ArraySpec.m */ = {isa = PBXFileReference; fileEncoding = 4; lastKnownFileType = sourcecode.c.objc; path = ArraySpec.m; sourceTree = "<group>"; };
		A3670978174BA59D003703C1 /* Array.h */ = {isa = PBXFileReference; fileEncoding = 4; lastKnownFileType = sourcecode.c.h; path = Array.h; sourceTree = "<group>"; };
		A3670979174BA59D003703C1 /* Array.m */ = {isa = PBXFileReference; fileEncoding = 4; lastKnownFileType = sourcecode.c.objc; path = Array.m; sourceTree = "<group>"; };
		A367097C174BB4D2003703C1 /* LoggingProxy.h */ = {isa = PBXFileReference; fileEncoding = 4; lastKnownFileType = sourcecode.c.h; path = LoggingProxy.h; sourceTree = "<group>"; };
		A367097D174BB4D2003703C1 /* LoggingProxy.m */ = {isa = PBXFileReference; fileEncoding = 4; lastKnownFileType = sourcecode.c.objc; path = LoggingProxy.m; sourceTree = "<group>"; };
		A3670980174BB6A1003703C1 /* RecursiveLockingProxy.h */ = {isa = PBXFileReference; fileEncoding = 4; lastKnownFileType = sourcecode.c.h; path = RecursiveLockingProxy.h; sourceTree = "<group>"; };
		A3670981174BB6A1003703C1 /* RecursiveLockingProxy.m */ = {isa = PBXFileReference; fileEncoding = 4; lastKnownFileType = sourcecode.c.objc; path = RecursiveLockingProxy.m; sourceTree = "<group>"; };
		A3670984174BBA8C003703C1 /* RecursiveLockingProxySpec.m */ = {isa = PBXFileReference; fileEncoding = 4; lastKnownFileType = sourcecode.c.objc; path = RecursiveLockingProxySpec.m; sourceTree = "<group>"; };
		A3670986174BBDE5003703C1 /* LoggingProxySpec.m */ = {isa = PBXFileReference; fileEncoding = 4; lastKnownFileType = sourcecode.c.objc; path = LoggingProxySpec.m; sourceTree = "<group>"; };
		A3670988174BEA13003703C1 /* README.md */ = {isa = PBXFileReference; lastKnownFileType = text; name = README.md; path = ../README.md; sourceTree = "<group>"; };
		CB2AE1EA261344DE9A1E78DE /* libPods-CompositionTests.a */ = {isa = PBXFileReference; explicitFileType = archive.ar; includeInIndex = 0; path = "libPods-CompositionTests.a"; sourceTree = BUILT_PRODUCTS_DIR; };
		E73B6A9B9C10462DB3439231 /* Pods-CompositionTests.xcconfig */ = {isa = PBXFileReference; includeInIndex = 1; lastKnownFileType = text.xcconfig; name = "Pods-CompositionTests.xcconfig"; path = "Pods/Pods-CompositionTests.xcconfig"; sourceTree = SOURCE_ROOT; };
/* End PBXFileReference section */

/* Begin PBXFrameworksBuildPhase section */
		A3670936174B88DF003703C1 /* Frameworks */ = {
			isa = PBXFrameworksBuildPhase;
			buildActionMask = 2147483647;
			files = (
				A367093D174B88DF003703C1 /* Cocoa.framework in Frameworks */,
			);
			runOnlyForDeploymentPostprocessing = 0;
		};
		A3670949174B88DF003703C1 /* Frameworks */ = {
			isa = PBXFrameworksBuildPhase;
			buildActionMask = 2147483647;
			files = (
				A367094F174B88DF003703C1 /* SenTestingKit.framework in Frameworks */,
				A3670950174B88DF003703C1 /* Cocoa.framework in Frameworks */,
				A3670953174B88DF003703C1 /* Composition.dylib in Frameworks */,
				7B651060D65E41299865D16B /* libPods-CompositionTests.a in Frameworks */,
			);
			runOnlyForDeploymentPostprocessing = 0;
		};
/* End PBXFrameworksBuildPhase section */

/* Begin PBXGroup section */
		A3670930174B88DF003703C1 = {
			isa = PBXGroup;
			children = (
				A3670988174BEA13003703C1 /* README.md */,
				A3670942174B88DF003703C1 /* Composition */,
				A3670954174B88DF003703C1 /* CompositionTests */,
				A367093B174B88DF003703C1 /* Frameworks */,
				A367093A174B88DF003703C1 /* Products */,
				E73B6A9B9C10462DB3439231 /* Pods-CompositionTests.xcconfig */,
			);
			sourceTree = "<group>";
		};
		A367093A174B88DF003703C1 /* Products */ = {
			isa = PBXGroup;
			children = (
				A3670939174B88DF003703C1 /* Composition.dylib */,
				A367094D174B88DF003703C1 /* CompositionTests.octest */,
			);
			name = Products;
			sourceTree = "<group>";
		};
		A367093B174B88DF003703C1 /* Frameworks */ = {
			isa = PBXGroup;
			children = (
				A367093C174B88DF003703C1 /* Cocoa.framework */,
				A367094E174B88DF003703C1 /* SenTestingKit.framework */,
				A367093E174B88DF003703C1 /* Other Frameworks */,
				CB2AE1EA261344DE9A1E78DE /* libPods-CompositionTests.a */,
			);
			name = Frameworks;
			sourceTree = "<group>";
		};
		A367093E174B88DF003703C1 /* Other Frameworks */ = {
			isa = PBXGroup;
			children = (
				A367093F174B88DF003703C1 /* AppKit.framework */,
				A3670940174B88DF003703C1 /* CoreData.framework */,
				A3670941174B88DF003703C1 /* Foundation.framework */,
			);
			name = "Other Frameworks";
			sourceTree = "<group>";
		};
		A3670942174B88DF003703C1 /* Composition */ = {
			isa = PBXGroup;
			children = (
				A3670966174B8A93003703C1 /* Protocols */,
				A3670965174B8A25003703C1 /* Classes */,
				A3670943174B88DF003703C1 /* Supporting Files */,
			);
			path = Composition;
			sourceTree = "<group>";
		};
		A3670943174B88DF003703C1 /* Supporting Files */ = {
			isa = PBXGroup;
			children = (
				A3670944174B88DF003703C1 /* Composition-Prefix.pch */,
			);
			name = "Supporting Files";
			sourceTree = "<group>";
		};
		A3670954174B88DF003703C1 /* CompositionTests */ = {
			isa = PBXGroup;
			children = (
				A3670971174B8C36003703C1 /* ArrayImplSpec.m */,
				A3670974174B93F6003703C1 /* MutableArrayImplSpec.m */,
				A3670976174BA535003703C1 /* ArraySpec.m */,
				A3670984174BBA8C003703C1 /* RecursiveLockingProxySpec.m */,
				A3670986174BBDE5003703C1 /* LoggingProxySpec.m */,
				A3670955174B88DF003703C1 /* Supporting Files */,
			);
			path = CompositionTests;
			sourceTree = "<group>";
		};
		A3670955174B88DF003703C1 /* Supporting Files */ = {
			isa = PBXGroup;
			children = (
				A3670956174B88DF003703C1 /* CompositionTests-Info.plist */,
				A3670957174B88DF003703C1 /* InfoPlist.strings */,
			);
			name = "Supporting Files";
			sourceTree = "<group>";
		};
		A3670965174B8A25003703C1 /* Classes */ = {
			isa = PBXGroup;
			children = (
				A3670969174B8B3B003703C1 /* ArrayImpl.h */,
				A367096A174B8B3B003703C1 /* ArrayImpl.m */,
				A367096D174B8B6E003703C1 /* MutableArrayImpl.h */,
				A367096E174B8B6E003703C1 /* MutableArrayImpl.m */,
				A3670978174BA59D003703C1 /* Array.h */,
				A3670979174BA59D003703C1 /* Array.m */,
				A367097C174BB4D2003703C1 /* LoggingProxy.h */,
				A367097D174BB4D2003703C1 /* LoggingProxy.m */,
				A3670980174BB6A1003703C1 /* RecursiveLockingProxy.h */,
				A3670981174BB6A1003703C1 /* RecursiveLockingProxy.m */,
			);
			path = Classes;
			sourceTree = "<group>";
		};
		A3670966174B8A93003703C1 /* Protocols */ = {
			isa = PBXGroup;
			children = (
				A3670967174B8AAF003703C1 /* IArray.h */,
				A3670968174B8ABC003703C1 /* IMutableArray.h */,
				A3670973174B9071003703C1 /* IArrayDelegate.h */,
			);
			path = Protocols;
			sourceTree = "<group>";
		};
/* End PBXGroup section */

/* Begin PBXHeadersBuildPhase section */
		A3670937174B88DF003703C1 /* Headers */ = {
			isa = PBXHeadersBuildPhase;
			buildActionMask = 2147483647;
			files = (
				A367096B174B8B3B003703C1 /* ArrayImpl.h in Headers */,
				A367096F174B8B6E003703C1 /* MutableArrayImpl.h in Headers */,
				A367097A174BA59D003703C1 /* Array.h in Headers */,
				A367097E174BB4D2003703C1 /* LoggingProxy.h in Headers */,
				A3670982174BB6A1003703C1 /* RecursiveLockingProxy.h in Headers */,
			);
			runOnlyForDeploymentPostprocessing = 0;
		};
/* End PBXHeadersBuildPhase section */

/* Begin PBXNativeTarget section */
		A3670938174B88DF003703C1 /* Composition */ = {
			isa = PBXNativeTarget;
			buildConfigurationList = A367095F174B88DF003703C1 /* Build configuration list for PBXNativeTarget "Composition" */;
			buildPhases = (
				A3670935174B88DF003703C1 /* Sources */,
				A3670936174B88DF003703C1 /* Frameworks */,
				A3670937174B88DF003703C1 /* Headers */,
			);
			buildRules = (
			);
			dependencies = (
			);
			name = Composition;
			productName = Composition;
			productReference = A3670939174B88DF003703C1 /* Composition.dylib */;
			productType = "com.apple.product-type.library.dynamic";
		};
		A367094C174B88DF003703C1 /* CompositionTests */ = {
			isa = PBXNativeTarget;
			buildConfigurationList = A3670962174B88DF003703C1 /* Build configuration list for PBXNativeTarget "CompositionTests" */;
			buildPhases = (
				65F6197C0B6E4CA6BA970C92 /* Check Pods Manifest.lock */,
				A3670948174B88DF003703C1 /* Sources */,
				A3670949174B88DF003703C1 /* Frameworks */,
				A367094A174B88DF003703C1 /* Resources */,
				A367094B174B88DF003703C1 /* ShellScript */,
				711D1BFA83BD440BA8E4AB6E /* Copy Pods Resources */,
			);
			buildRules = (
			);
			dependencies = (
				A3670952174B88DF003703C1 /* PBXTargetDependency */,
			);
			name = CompositionTests;
			productName = CompositionTests;
			productReference = A367094D174B88DF003703C1 /* CompositionTests.octest */;
			productType = "com.apple.product-type.bundle";
		};
/* End PBXNativeTarget section */

/* Begin PBXProject section */
		A3670931174B88DF003703C1 /* Project object */ = {
			isa = PBXProject;
			attributes = {
				LastUpgradeCheck = 0460;
				ORGANIZATIONNAME = "Dave Meehan";
			};
			buildConfigurationList = A3670934174B88DF003703C1 /* Build configuration list for PBXProject "Composition" */;
			compatibilityVersion = "Xcode 3.2";
			developmentRegion = English;
			hasScannedForEncodings = 0;
			knownRegions = (
				en,
			);
			mainGroup = A3670930174B88DF003703C1;
			productRefGroup = A367093A174B88DF003703C1 /* Products */;
			projectDirPath = "";
			projectRoot = "";
			targets = (
				A3670938174B88DF003703C1 /* Composition */,
				A367094C174B88DF003703C1 /* CompositionTests */,
			);
		};
/* End PBXProject section */

/* Begin PBXResourcesBuildPhase section */
		A367094A174B88DF003703C1 /* Resources */ = {
			isa = PBXResourcesBuildPhase;
			buildActionMask = 2147483647;
			files = (
				A3670959174B88DF003703C1 /* InfoPlist.strings in Resources */,
			);
			runOnlyForDeploymentPostprocessing = 0;
		};
/* End PBXResourcesBuildPhase section */

/* Begin PBXShellScriptBuildPhase section */
		65F6197C0B6E4CA6BA970C92 /* Check Pods Manifest.lock */ = {
			isa = PBXShellScriptBuildPhase;
			buildActionMask = 2147483647;
			files = (
			);
			inputPaths = (
			);
			name = "Check Pods Manifest.lock";
			outputPaths = (
			);
			runOnlyForDeploymentPostprocessing = 0;
			shellPath = /bin/sh;
			shellScript = "diff \"${PODS_ROOT}/../Podfile.lock\" \"${PODS_ROOT}/Manifest.lock\" > /dev/null\nif [[ $? != 0 ]] ; then\n    cat << EOM\nerror: The sandbox is not in sync with the Podfile.lock. Run 'pod install' or update your CocoaPods installation.\nEOM\n    exit 1\nfi\n";
		};
		711D1BFA83BD440BA8E4AB6E /* Copy Pods Resources */ = {
			isa = PBXShellScriptBuildPhase;
			buildActionMask = 2147483647;
			files = (
			);
			inputPaths = (
			);
			name = "Copy Pods Resources";
			outputPaths = (
			);
			runOnlyForDeploymentPostprocessing = 0;
			shellPath = /bin/sh;
			shellScript = "\"${SRCROOT}/Pods/Pods-CompositionTests-resources.sh\"\n";
		};
		A367094B174B88DF003703C1 /* ShellScript */ = {
			isa = PBXShellScriptBuildPhase;
			buildActionMask = 2147483647;
			files = (
			);
			inputPaths = (
			);
			outputPaths = (
			);
			runOnlyForDeploymentPostprocessing = 0;
			shellPath = /bin/sh;
			shellScript = "# Run the unit tests in this test bundle.\n\"${SYSTEM_DEVELOPER_DIR}/Tools/RunUnitTests\"\n";
		};
/* End PBXShellScriptBuildPhase section */

/* Begin PBXSourcesBuildPhase section */
		A3670935174B88DF003703C1 /* Sources */ = {
			isa = PBXSourcesBuildPhase;
			buildActionMask = 2147483647;
			files = (
				A367096C174B8B3B003703C1 /* ArrayImpl.m in Sources */,
				A3670970174B8B6E003703C1 /* MutableArrayImpl.m in Sources */,
				A367097B174BA59D003703C1 /* Array.m in Sources */,
				A367097F174BB4D2003703C1 /* LoggingProxy.m in Sources */,
				A3670983174BB6A1003703C1 /* RecursiveLockingProxy.m in Sources */,
			);
			runOnlyForDeploymentPostprocessing = 0;
		};
		A3670948174B88DF003703C1 /* Sources */ = {
			isa = PBXSourcesBuildPhase;
			buildActionMask = 2147483647;
			files = (
				A3670972174B8C36003703C1 /* ArrayImplSpec.m in Sources */,
				A3670975174B93F6003703C1 /* MutableArrayImplSpec.m in Sources */,
				A3670977174BA535003703C1 /* ArraySpec.m in Sources */,
				A3670985174BBA8C003703C1 /* RecursiveLockingProxySpec.m in Sources */,
				A3670987174BBDE5003703C1 /* LoggingProxySpec.m in Sources */,
			);
			runOnlyForDeploymentPostprocessing = 0;
		};
/* End PBXSourcesBuildPhase section */

/* Begin PBXTargetDependency section */
		A3670952174B88DF003703C1 /* PBXTargetDependency */ = {
			isa = PBXTargetDependency;
			target = A3670938174B88DF003703C1 /* Composition */;
			targetProxy = A3670951174B88DF003703C1 /* PBXContainerItemProxy */;
		};
/* End PBXTargetDependency section */

/* Begin PBXVariantGroup section */
		A3670957174B88DF003703C1 /* InfoPlist.strings */ = {
			isa = PBXVariantGroup;
			children = (
				A3670958174B88DF003703C1 /* en */,
			);
			name = InfoPlist.strings;
			sourceTree = "<group>";
		};
/* End PBXVariantGroup section */

/* Begin XCBuildConfiguration section */
		A367095D174B88DF003703C1 /* Debug */ = {
			isa = XCBuildConfiguration;
			buildSettings = {
				ALWAYS_SEARCH_USER_PATHS = NO;
				ARCHS = "$(ARCHS_STANDARD_64_BIT)";
				CLANG_CXX_LANGUAGE_STANDARD = "gnu++0x";
				CLANG_CXX_LIBRARY = "libc++";
				CLANG_ENABLE_OBJC_ARC = YES;
				CLANG_WARN_CONSTANT_CONVERSION = YES;
				CLANG_WARN_EMPTY_BODY = YES;
				CLANG_WARN_ENUM_CONVERSION = YES;
				CLANG_WARN_INT_CONVERSION = YES;
				CLANG_WARN__DUPLICATE_METHOD_MATCH = YES;
				COPY_PHASE_STRIP = NO;
				GCC_C_LANGUAGE_STANDARD = gnu99;
				GCC_DYNAMIC_NO_PIC = NO;
				GCC_ENABLE_OBJC_EXCEPTIONS = YES;
				GCC_OPTIMIZATION_LEVEL = 0;
				GCC_PREPROCESSOR_DEFINITIONS = (
					"DEBUG=1",
					"$(inherited)",
				);
				GCC_SYMBOLS_PRIVATE_EXTERN = NO;
				GCC_WARN_64_TO_32_BIT_CONVERSION = YES;
				GCC_WARN_ABOUT_RETURN_TYPE = YES;
				GCC_WARN_UNINITIALIZED_AUTOS = YES;
				GCC_WARN_UNUSED_VARIABLE = YES;
				MACOSX_DEPLOYMENT_TARGET = 10.7;
				ONLY_ACTIVE_ARCH = YES;
				SDKROOT = macosx;
			};
			name = Debug;
		};
		A367095E174B88DF003703C1 /* Release */ = {
			isa = XCBuildConfiguration;
			buildSettings = {
				ALWAYS_SEARCH_USER_PATHS = NO;
				ARCHS = "$(ARCHS_STANDARD_64_BIT)";
				CLANG_CXX_LANGUAGE_STANDARD = "gnu++0x";
				CLANG_CXX_LIBRARY = "libc++";
				CLANG_ENABLE_OBJC_ARC = YES;
				CLANG_WARN_CONSTANT_CONVERSION = YES;
				CLANG_WARN_EMPTY_BODY = YES;
				CLANG_WARN_ENUM_CONVERSION = YES;
				CLANG_WARN_INT_CONVERSION = YES;
				CLANG_WARN__DUPLICATE_METHOD_MATCH = YES;
				COPY_PHASE_STRIP = YES;
				DEBUG_INFORMATION_FORMAT = "dwarf-with-dsym";
				GCC_C_LANGUAGE_STANDARD = gnu99;
				GCC_ENABLE_OBJC_EXCEPTIONS = YES;
				GCC_WARN_64_TO_32_BIT_CONVERSION = YES;
				GCC_WARN_ABOUT_RETURN_TYPE = YES;
				GCC_WARN_UNINITIALIZED_AUTOS = YES;
				GCC_WARN_UNUSED_VARIABLE = YES;
				MACOSX_DEPLOYMENT_TARGET = 10.7;
				SDKROOT = macosx;
			};
			name = Release;
		};
		A3670960174B88DF003703C1 /* Debug */ = {
			isa = XCBuildConfiguration;
			buildSettings = {
				DYLIB_COMPATIBILITY_VERSION = 1;
				DYLIB_CURRENT_VERSION = 1;
				GCC_PRECOMPILE_PREFIX_HEADER = YES;
				GCC_PREFIX_HEADER = "Composition/Composition-Prefix.pch";
				PRODUCT_NAME = "$(TARGET_NAME)";
			};
			name = Debug;
		};
		A3670961174B88DF003703C1 /* Release */ = {
			isa = XCBuildConfiguration;
			buildSettings = {
				DYLIB_COMPATIBILITY_VERSION = 1;
				DYLIB_CURRENT_VERSION = 1;
				GCC_PRECOMPILE_PREFIX_HEADER = YES;
				GCC_PREFIX_HEADER = "Composition/Composition-Prefix.pch";
				PRODUCT_NAME = "$(TARGET_NAME)";
			};
			name = Release;
		};
		A3670963174B88DF003703C1 /* Debug */ = {
			isa = XCBuildConfiguration;
			baseConfigurationReference = E73B6A9B9C10462DB3439231 /* Pods-CompositionTests.xcconfig */;
			buildSettings = {
				COMBINE_HIDPI_IMAGES = YES;
				GCC_PRECOMPILE_PREFIX_HEADER = YES;
				GCC_PREFIX_HEADER = "Composition/Composition-Prefix.pch";
				INFOPLIST_FILE = "CompositionTests/CompositionTests-Info.plist";
				PRODUCT_NAME = "$(TARGET_NAME)";
				WRAPPER_EXTENSION = octest;
			};
			name = Debug;
		};
		A3670964174B88DF003703C1 /* Release */ = {
			isa = XCBuildConfiguration;
			baseConfigurationReference = E73B6A9B9C10462DB3439231 /* Pods-CompositionTests.xcconfig */;
			buildSettings = {
				COMBINE_HIDPI_IMAGES = YES;
				GCC_PRECOMPILE_PREFIX_HEADER = YES;
				GCC_PREFIX_HEADER = "Composition/Composition-Prefix.pch";
				INFOPLIST_FILE = "CompositionTests/CompositionTests-Info.plist";
				PRODUCT_NAME = "$(TARGET_NAME)";
				WRAPPER_EXTENSION = octest;
			};
			name = Release;
		};
/* End XCBuildConfiguration section */

/* Begin XCConfigurationList section */
		A3670934174B88DF003703C1 /* Build configuration list for PBXProject "Composition" */ = {
			isa = XCConfigurationList;
			buildConfigurations = (
				A367095D174B88DF003703C1 /* Debug */,
				A367095E174B88DF003703C1 /* Release */,
			);
			defaultConfigurationIsVisible = 0;
			defaultConfigurationName = Release;
		};
		A367095F174B88DF003703C1 /* Build configuration list for PBXNativeTarget "Composition" */ = {
			isa = XCConfigurationList;
			buildConfigurations = (
				A3670960174B88DF003703C1 /* Debug */,
				A3670961174B88DF003703C1 /* Release */,
			);
			defaultConfigurationIsVisible = 0;
			defaultConfigurationName = Release;
		};
		A3670962174B88DF003703C1 /* Build configuration list for PBXNativeTarget "CompositionTests" */ = {
			isa = XCConfigurationList;
			buildConfigurations = (
				A3670963174B88DF003703C1 /* Debug */,
				A3670964174B88DF003703C1 /* Release */,
			);
			defaultConfigurationIsVisible = 0;
			defaultConfigurationName = Release;
		};
/* End XCConfigurationList section */
	};
	rootObject = A3670931174B88DF003703C1 /* Project object */;
}
